
Microsoft Visual Studio Solution File, Format Version 12.00
# Visual Studio Version 17
VisualStudioVersion = 17.13.35825.156 d17.13
MinimumVisualStudioVersion = 10.0.40219.1
Project("{FAE04EC0-301F-11D3-BF4B-00C04F79EFBC}") = "CLDV6211_EventEase_POE", "CLDV6211_EventEase_POE\CLDV6211_EventEase_POE.csproj", "{5D0410EA-0A0A-44B3-9898-9DE4D8DCBF14}"
EndProject
Global
	GlobalSection(SolutionConfigurationPlatforms) = preSolution
		Debug|Any CPU = Debug|Any CPU
		Release|Any CPU = Release|Any CPU
	EndGlobalSection
	GlobalSection(ProjectConfigurationPlatforms) = postSolution
		{5D0410EA-0A0A-44B3-9898-9DE4D8DCBF14}.Debug|Any CPU.ActiveCfg = Debug|Any CPU
		{5D0410EA-0A0A-44B3-9898-9DE4D8DCBF14}.Debug|Any CPU.Build.0 = Debug|Any CPU
		{5D0410EA-0A0A-44B3-9898-9DE4D8DCBF14}.Release|Any CPU.ActiveCfg = Release|Any CPU
		{5D0410EA-0A0A-44B3-9898-9DE4D8DCBF14}.Release|Any CPU.Build.0 = Release|Any CPU
	EndGlobalSection
	GlobalSection(SolutionProperties) = preSolution
		HideSolutionNode = FALSE
	EndGlobalSection
	GlobalSection(ExtensibilityGlobals) = postSolution
		SolutionGuid = {B214485E-DC38-49A8-A6FF-731669E9739C}
	EndGlobalSection
EndGlobal
